
Microsoft Visual Studio Solution File, Format Version 12.00
# Visual Studio Version 17
VisualStudioVersion = 17.4.33110.190
MinimumVisualStudioVersion = 10.0.40219.1
Project("{FAE04EC0-301F-11D3-BF4B-00C04F79EFBC}") = "PPPP", "PPPP.csproj", "{4167C9D5-B42E-47F7-91A6-2E84F2E017A8}"
EndProject
Global
	GlobalSection(SolutionConfigurationPlatforms) = preSolution
		Debug|Any CPU = Debug|Any CPU
		Release|Any CPU = Release|Any CPU
	EndGlobalSection
	GlobalSection(ProjectConfigurationPlatforms) = postSolution
		{4167C9D5-B42E-47F7-91A6-2E84F2E017A8}.Debug|Any CPU.ActiveCfg = Debug|Any CPU
		{4167C9D5-B42E-47F7-91A6-2E84F2E017A8}.Debug|Any CPU.Build.0 = Debug|Any CPU
		{4167C9D5-B42E-47F7-91A6-2E84F2E017A8}.Release|Any CPU.ActiveCfg = Release|Any CPU
		{4167C9D5-B42E-47F7-91A6-2E84F2E017A8}.Release|Any CPU.Build.0 = Release|Any CPU
	EndGlobalSection
	GlobalSection(SolutionProperties) = preSolution
		HideSolutionNode = FALSE
	EndGlobalSection
	GlobalSection(ExtensibilityGlobals) = postSolution
		SolutionGuid = {C2FAD237-7E6B-4615-96B9-5138F0B93266}
	EndGlobalSection
EndGlobal
